// !$*UTF8*$!
{
	archiveVersion = 1;
	classes = {
	};
	objectVersion = 48;
	objects = {

/* Begin PBXBuildFile section */
		B1F0ABF322E999E80019A9CD /* AppDelegate.swift in Sources */ = {isa = PBXBuildFile; fileRef = B1F0ABF222E999E80019A9CD /* AppDelegate.swift */; };
		B1F0ABF522E999E80019A9CD /* ViewController.swift in Sources */ = {isa = PBXBuildFile; fileRef = B1F0ABF422E999E80019A9CD /* ViewController.swift */; };
		B1F0ABF822E999E80019A9CD /* Main.storyboard in Resources */ = {isa = PBXBuildFile; fileRef = B1F0ABF622E999E80019A9CD /* Main.storyboard */; };
		B1F0ABFA22E999E80019A9CD /* Assets.xcassets in Resources */ = {isa = PBXBuildFile; fileRef = B1F0ABF922E999E80019A9CD /* Assets.xcassets */; };
		B1F0ABFD22E999E80019A9CD /* LaunchScreen.storyboard in Resources */ = {isa = PBXBuildFile; fileRef = B1F0ABFB22E999E80019A9CD /* LaunchScreen.storyboard */; };
		B1F0AC0822E999E80019A9CD /* _907_studenttotalTests.swift in Sources */ = {isa = PBXBuildFile; fileRef = B1F0AC0722E999E80019A9CD /* _907_studenttotalTests.swift */; };
		B1F0AC1322E999E80019A9CD /* _907_studenttotalUITests.swift in Sources */ = {isa = PBXBuildFile; fileRef = B1F0AC1222E999E80019A9CD /* _907_studenttotalUITests.swift */; };
/* End PBXBuildFile section */

/* Begin PBXContainerItemProxy section */
		B1F0AC0422E999E80019A9CD /* PBXContainerItemProxy */ = {
			isa = PBXContainerItemProxy;
			containerPortal = B1F0ABE722E999E70019A9CD /* Project object */;
			proxyType = 1;
			remoteGlobalIDString = B1F0ABEE22E999E70019A9CD;
			remoteInfo = "1907-studenttotal";
		};
		B1F0AC0F22E999E80019A9CD /* PBXContainerItemProxy */ = {
			isa = PBXContainerItemProxy;
			containerPortal = B1F0ABE722E999E70019A9CD /* Project object */;
			proxyType = 1;
			remoteGlobalIDString = B1F0ABEE22E999E70019A9CD;
			remoteInfo = "1907-studenttotal";
		};
/* End PBXContainerItemProxy section */

/* Begin PBXFileReference section */
		B1F0ABEF22E999E70019A9CD /* 1907-studenttotal.app */ = {isa = PBXFileReference; explicitFileType = wrapper.application; includeInIndex = 0; path = "1907-studenttotal.app"; sourceTree = BUILT_PRODUCTS_DIR; };
		B1F0ABF222E999E80019A9CD /* AppDelegate.swift */ = {isa = PBXFileReference; lastKnownFileType = sourcecode.swift; path = AppDelegate.swift; sourceTree = "<group>"; };
		B1F0ABF422E999E80019A9CD /* ViewController.swift */ = {isa = PBXFileReference; lastKnownFileType = sourcecode.swift; path = ViewController.swift; sourceTree = "<group>"; };
		B1F0ABF722E999E80019A9CD /* Base */ = {isa = PBXFileReference; lastKnownFileType = file.storyboard; name = Base; path = Base.lproj/Main.storyboard; sourceTree = "<group>"; };
		B1F0ABF922E999E80019A9CD /* Assets.xcassets */ = {isa = PBXFileReference; lastKnownFileType = folder.assetcatalog; path = Assets.xcassets; sourceTree = "<group>"; };
		B1F0ABFC22E999E80019A9CD /* Base */ = {isa = PBXFileReference; lastKnownFileType = file.storyboard; name = Base; path = Base.lproj/LaunchScreen.storyboard; sourceTree = "<group>"; };
		B1F0ABFE22E999E80019A9CD /* Info.plist */ = {isa = PBXFileReference; lastKnownFileType = text.plist.xml; path = Info.plist; sourceTree = "<group>"; };
		B1F0AC0322E999E80019A9CD /* 1907-studenttotalTests.xctest */ = {isa = PBXFileReference; explicitFileType = wrapper.cfbundle; includeInIndex = 0; path = "1907-studenttotalTests.xctest"; sourceTree = BUILT_PRODUCTS_DIR; };
		B1F0AC0722E999E80019A9CD /* _907_studenttotalTests.swift */ = {isa = PBXFileReference; lastKnownFileType = sourcecode.swift; path = _907_studenttotalTests.swift; sourceTree = "<group>"; };
		B1F0AC0922E999E80019A9CD /* Info.plist */ = {isa = PBXFileReference; lastKnownFileType = text.plist.xml; path = Info.plist; sourceTree = "<group>"; };
		B1F0AC0E22E999E80019A9CD /* 1907-studenttotalUITests.xctest */ = {isa = PBXFileReference; explicitFileType = wrapper.cfbundle; includeInIndex = 0; path = "1907-studenttotalUITests.xctest"; sourceTree = BUILT_PRODUCTS_DIR; };
		B1F0AC1222E999E80019A9CD /* _907_studenttotalUITests.swift */ = {isa = PBXFileReference; lastKnownFileType = sourcecode.swift; path = _907_studenttotalUITests.swift; sourceTree = "<group>"; };
		B1F0AC1422E999E80019A9CD /* Info.plist */ = {isa = PBXFileReference; lastKnownFileType = text.plist.xml; path = Info.plist; sourceTree = "<group>"; };
/* End PBXFileReference section */

/* Begin PBXFrameworksBuildPhase section */
		B1F0ABEC22E999E70019A9CD /* Frameworks */ = {
			isa = PBXFrameworksBuildPhase;
			buildActionMask = 2147483647;
			files = (
			);
			runOnlyForDeploymentPostprocessing = 0;
		};
		B1F0AC0022E999E80019A9CD /* Frameworks */ = {
			isa = PBXFrameworksBuildPhase;
			buildActionMask = 2147483647;
			files = (
			);
			runOnlyForDeploymentPostprocessing = 0;
		};
		B1F0AC0B22E999E80019A9CD /* Frameworks */ = {
			isa = PBXFrameworksBuildPhase;
			buildActionMask = 2147483647;
			files = (
			);
			runOnlyForDeploymentPostprocessing = 0;
		};
/* End PBXFrameworksBuildPhase section */

/* Begin PBXGroup section */
		B1F0ABE622E999E70019A9CD = {
			isa = PBXGroup;
			children = (
				B1F0ABF122E999E70019A9CD /* 1907-studenttotal */,
				B1F0AC0622E999E80019A9CD /* 1907-studenttotalTests */,
				B1F0AC1122E999E80019A9CD /* 1907-studenttotalUITests */,
				B1F0ABF022E999E70019A9CD /* Products */,
			);
			sourceTree = "<group>";
		};
		B1F0ABF022E999E70019A9CD /* Products */ = {
			isa = PBXGroup;
			children = (
				B1F0ABEF22E999E70019A9CD /* 1907-studenttotal.app */,
				B1F0AC0322E999E80019A9CD /* 1907-studenttotalTests.xctest */,
				B1F0AC0E22E999E80019A9CD /* 1907-studenttotalUITests.xctest */,
			);
			name = Products;
			sourceTree = "<group>";
		};
		B1F0ABF122E999E70019A9CD /* 1907-studenttotal */ = {
			isa = PBXGroup;
			children = (
				B1F0ABF222E999E80019A9CD /* AppDelegate.swift */,
				B1F0ABF422E999E80019A9CD /* ViewController.swift */,
				B1F0ABF622E999E80019A9CD /* Main.storyboard */,
				B1F0ABF922E999E80019A9CD /* Assets.xcassets */,
				B1F0ABFB22E999E80019A9CD /* LaunchScreen.storyboard */,
				B1F0ABFE22E999E80019A9CD /* Info.plist */,
			);
			path = "1907-studenttotal";
			sourceTree = "<group>";
		};
		B1F0AC0622E999E80019A9CD /* 1907-studenttotalTests */ = {
			isa = PBXGroup;
			children = (
				B1F0AC0722E999E80019A9CD /* _907_studenttotalTests.swift */,
				B1F0AC0922E999E80019A9CD /* Info.plist */,
			);
			path = "1907-studenttotalTests";
			sourceTree = "<group>";
		};
		B1F0AC1122E999E80019A9CD /* 1907-studenttotalUITests */ = {
			isa = PBXGroup;
			children = (
				B1F0AC1222E999E80019A9CD /* _907_studenttotalUITests.swift */,
				B1F0AC1422E999E80019A9CD /* Info.plist */,
			);
			path = "1907-studenttotalUITests";
			sourceTree = "<group>";
		};
/* End PBXGroup section */

/* Begin PBXNativeTarget section */
		B1F0ABEE22E999E70019A9CD /* 1907-studenttotal */ = {
			isa = PBXNativeTarget;
			buildConfigurationList = B1F0AC1722E999E80019A9CD /* Build configuration list for PBXNativeTarget "1907-studenttotal" */;
			buildPhases = (
				B1F0ABEB22E999E70019A9CD /* Sources */,
				B1F0ABEC22E999E70019A9CD /* Frameworks */,
				B1F0ABED22E999E70019A9CD /* Resources */,
			);
			buildRules = (
			);
			dependencies = (
			);
			name = "1907-studenttotal";
			productName = "1907-studenttotal";
			productReference = B1F0ABEF22E999E70019A9CD /* 1907-studenttotal.app */;
			productType = "com.apple.product-type.application";
		};
		B1F0AC0222E999E80019A9CD /* 1907-studenttotalTests */ = {
			isa = PBXNativeTarget;
			buildConfigurationList = B1F0AC1A22E999E80019A9CD /* Build configuration list for PBXNativeTarget "1907-studenttotalTests" */;
			buildPhases = (
				B1F0ABFF22E999E80019A9CD /* Sources */,
				B1F0AC0022E999E80019A9CD /* Frameworks */,
				B1F0AC0122E999E80019A9CD /* Resources */,
			);
			buildRules = (
			);
			dependencies = (
				B1F0AC0522E999E80019A9CD /* PBXTargetDependency */,
			);
			name = "1907-studenttotalTests";
			productName = "1907-studenttotalTests";
			productReference = B1F0AC0322E999E80019A9CD /* 1907-studenttotalTests.xctest */;
			productType = "com.apple.product-type.bundle.unit-test";
		};
		B1F0AC0D22E999E80019A9CD /* 1907-studenttotalUITests */ = {
			isa = PBXNativeTarget;
			buildConfigurationList = B1F0AC1D22E999E80019A9CD /* Build configuration list for PBXNativeTarget "1907-studenttotalUITests" */;
			buildPhases = (
				B1F0AC0A22E999E80019A9CD /* Sources */,
				B1F0AC0B22E999E80019A9CD /* Frameworks */,
				B1F0AC0C22E999E80019A9CD /* Resources */,
			);
			buildRules = (
			);
			dependencies = (
				B1F0AC1022E999E80019A9CD /* PBXTargetDependency */,
			);
			name = "1907-studenttotalUITests";
			productName = "1907-studenttotalUITests";
			productReference = B1F0AC0E22E999E80019A9CD /* 1907-studenttotalUITests.xctest */;
			productType = "com.apple.product-type.bundle.ui-testing";
		};
/* End PBXNativeTarget section */

/* Begin PBXProject section */
		B1F0ABE722E999E70019A9CD /* Project object */ = {
			isa = PBXProject;
			attributes = {
				LastSwiftUpdateCheck = 0920;
				LastUpgradeCheck = 0920;
				ORGANIZATIONNAME = BRN1907;
				TargetAttributes = {
					B1F0ABEE22E999E70019A9CD = {
						CreatedOnToolsVersion = 9.2;
						ProvisioningStyle = Automatic;
					};
					B1F0AC0222E999E80019A9CD = {
						CreatedOnToolsVersion = 9.2;
						ProvisioningStyle = Automatic;
						TestTargetID = B1F0ABEE22E999E70019A9CD;
					};
					B1F0AC0D22E999E80019A9CD = {
						CreatedOnToolsVersion = 9.2;
						ProvisioningStyle = Automatic;
						TestTargetID = B1F0ABEE22E999E70019A9CD;
					};
				};
			};
			buildConfigurationList = B1F0ABEA22E999E70019A9CD /* Build configuration list for PBXProject "1907-studenttotal" */;
			compatibilityVersion = "Xcode 8.0";
			developmentRegion = en;
			hasScannedForEncodings = 0;
			knownRegions = (
				en,
				Base,
			);
			mainGroup = B1F0ABE622E999E70019A9CD;
			productRefGroup = B1F0ABF022E999E70019A9CD /* Products */;
			projectDirPath = "";
			projectRoot = "";
			targets = (
				B1F0ABEE22E999E70019A9CD /* 1907-studenttotal */,
				B1F0AC0222E999E80019A9CD /* 1907-studenttotalTests */,
				B1F0AC0D22E999E80019A9CD /* 1907-studenttotalUITests */,
			);
		};
/* End PBXProject section */

/* Begin PBXResourcesBuildPhase section */
		B1F0ABED22E999E70019A9CD /* Resources */ = {
			isa = PBXResourcesBuildPhase;
			buildActionMask = 2147483647;
			files = (
				B1F0ABFD22E999E80019A9CD /* LaunchScreen.storyboard in Resources */,
				B1F0ABFA22E999E80019A9CD /* Assets.xcassets in Resources */,
				B1F0ABF822E999E80019A9CD /* Main.storyboard in Resources */,
			);
			runOnlyForDeploymentPostprocessing = 0;
		};
		B1F0AC0122E999E80019A9CD /* Resources */ = {
			isa = PBXResourcesBuildPhase;
			buildActionMask = 2147483647;
			files = (
			);
			runOnlyForDeploymentPostprocessing = 0;
		};
		B1F0AC0C22E999E80019A9CD /* Resources */ = {
			isa = PBXResourcesBuildPhase;
			buildActionMask = 2147483647;
			files = (
			);
			runOnlyForDeploymentPostprocessing = 0;
		};
/* End PBXResourcesBuildPhase section */

/* Begin PBXSourcesBuildPhase section */
		B1F0ABEB22E999E70019A9CD /* Sources */ = {
			isa = PBXSourcesBuildPhase;
			buildActionMask = 2147483647;
			files = (
				B1F0ABF522E999E80019A9CD /* ViewController.swift in Sources */,
				B1F0ABF322E999E80019A9CD /* AppDelegate.swift in Sources */,
			);
			runOnlyForDeploymentPostprocessing = 0;
		};
		B1F0ABFF22E999E80019A9CD /* Sources */ = {
			isa = PBXSourcesBuildPhase;
			buildActionMask = 2147483647;
			files = (
				B1F0AC0822E999E80019A9CD /* _907_studenttotalTests.swift in Sources */,
			);
			runOnlyForDeploymentPostprocessing = 0;
		};
		B1F0AC0A22E999E80019A9CD /* Sources */ = {
			isa = PBXSourcesBuildPhase;
			buildActionMask = 2147483647;
			files = (
				B1F0AC1322E999E80019A9CD /* _907_studenttotalUITests.swift in Sources */,
			);
			runOnlyForDeploymentPostprocessing = 0;
		};
/* End PBXSourcesBuildPhase section */

/* Begin PBXTargetDependency section */
		B1F0AC0522E999E80019A9CD /* PBXTargetDependency */ = {
			isa = PBXTargetDependency;
			target = B1F0ABEE22E999E70019A9CD /* 1907-studenttotal */;
			targetProxy = B1F0AC0422E999E80019A9CD /* PBXContainerItemProxy */;
		};
		B1F0AC1022E999E80019A9CD /* PBXTargetDependency */ = {
			isa = PBXTargetDependency;
			target = B1F0ABEE22E999E70019A9CD /* 1907-studenttotal */;
			targetProxy = B1F0AC0F22E999E80019A9CD /* PBXContainerItemProxy */;
		};
/* End PBXTargetDependency section */

/* Begin PBXVariantGroup section */
		B1F0ABF622E999E80019A9CD /* Main.storyboard */ = {
			isa = PBXVariantGroup;
			children = (
				B1F0ABF722E999E80019A9CD /* Base */,
			);
			name = Main.storyboard;
			sourceTree = "<group>";
		};
		B1F0ABFB22E999E80019A9CD /* LaunchScreen.storyboard */ = {
			isa = PBXVariantGroup;
			children = (
				B1F0ABFC22E999E80019A9CD /* Base */,
			);
			name = LaunchScreen.storyboard;
			sourceTree = "<group>";
		};
/* End PBXVariantGroup section */

/* Begin XCBuildConfiguration section */
		B1F0AC1522E999E80019A9CD /* Debug */ = {
			isa = XCBuildConfiguration;
			buildSettings = {
				ALWAYS_SEARCH_USER_PATHS = NO;
				CLANG_ANALYZER_NONNULL = YES;
				CLANG_ANALYZER_NUMBER_OBJECT_CONVERSION = YES_AGGRESSIVE;
				CLANG_CXX_LANGUAGE_STANDARD = "gnu++14";
				CLANG_CXX_LIBRARY = "libc++";
				CLANG_ENABLE_MODULES = YES;
				CLANG_ENABLE_OBJC_ARC = YES;
				CLANG_WARN_BLOCK_CAPTURE_AUTORELEASING = YES;
				CLANG_WARN_BOOL_CONVERSION = YES;
				CLANG_WARN_COMMA = YES;
				CLANG_WARN_CONSTANT_CONVERSION = YES;
				CLANG_WARN_DIRECT_OBJC_ISA_USAGE = YES_ERROR;
				CLANG_WARN_DOCUMENTATION_COMMENTS = YES;
				CLANG_WARN_EMPTY_BODY = YES;
				CLANG_WARN_ENUM_CONVERSION = YES;
				CLANG_WARN_INFINITE_RECURSION = YES;
				CLANG_WARN_INT_CONVERSION = YES;
				CLANG_WARN_NON_LITERAL_NULL_CONVERSION = YES;
				CLANG_WARN_OBJC_LITERAL_CONVERSION = YES;
				CLANG_WARN_OBJC_ROOT_CLASS = YES_ERROR;
				CLANG_WARN_RANGE_LOOP_ANALYSIS = YES;
				CLANG_WARN_STRICT_PROTOTYPES = YES;
				CLANG_WARN_SUSPICIOUS_MOVE = YES;
				CLANG_WARN_UNGUARDED_AVAILABILITY = YES_AGGRESSIVE;
				CLANG_WARN_UNREACHABLE_CODE = YES;
				CLANG_WARN__DUPLICATE_METHOD_MATCH = YES;
				CODE_SIGN_IDENTITY = "iPhone Developer";
				COPY_PHASE_STRIP = NO;
				DEBUG_INFORMATION_FORMAT = dwarf;
				ENABLE_STRICT_OBJC_MSGSEND = YES;
				ENABLE_TESTABILITY = YES;
				GCC_C_LANGUAGE_STANDARD = gnu11;
				GCC_DYNAMIC_NO_PIC = NO;
				GCC_NO_COMMON_BLOCKS = YES;
				GCC_OPTIMIZATION_LEVEL = 0;
				GCC_PREPROCESSOR_DEFINITIONS = (
					"DEBUG=1",
					"$(inherited)",
				);
				GCC_WARN_64_TO_32_BIT_CONVERSION = YES;
				GCC_WARN_ABOUT_RETURN_TYPE = YES_ERROR;
				GCC_WARN_UNDECLARED_SELECTOR = YES;
				GCC_WARN_UNINITIALIZED_AUTOS = YES_AGGRESSIVE;
				GCC_WARN_UNUSED_FUNCTION = YES;
				GCC_WARN_UNUSED_VARIABLE = YES;
				IPHONEOS_DEPLOYMENT_TARGET = 11.2;
				MTL_ENABLE_DEBUG_INFO = YES;
				ONLY_ACTIVE_ARCH = YES;
				SDKROOT = iphoneos;
				SWIFT_ACTIVE_COMPILATION_CONDITIONS = DEBUG;
				SWIFT_OPTIMIZATION_LEVEL = "-Onone";
			};
			name = Debug;
		};
		B1F0AC1622E999E80019A9CD /* Release */ = {
			isa = XCBuildConfiguration;
			buildSettings = {
				ALWAYS_SEARCH_USER_PATHS = NO;
				CLANG_ANALYZER_NONNULL = YES;
				CLANG_ANALYZER_NUMBER_OBJECT_CONVERSION = YES_AGGRESSIVE;
				CLANG_CXX_LANGUAGE_STANDARD = "gnu++14";
				CLANG_CXX_LIBRARY = "libc++";
				CLANG_ENABLE_MODULES = YES;
				CLANG_ENABLE_OBJC_ARC = YES;
				CLANG_WARN_BLOCK_CAPTURE_AUTORELEASING = YES;
				CLANG_WARN_BOOL_CONVERSION = YES;
				CLANG_WARN_COMMA = YES;
				CLANG_WARN_CONSTANT_CONVERSION = YES;
				CLANG_WARN_DIRECT_OBJC_ISA_USAGE = YES_ERROR;
				CLANG_WARN_DOCUMENTATION_COMMENTS = YES;
				CLANG_WARN_EMPTY_BODY = YES;
				CLANG_WARN_ENUM_CONVERSION = YES;
				CLANG_WARN_INFINITE_RECURSION = YES;
				CLANG_WARN_INT_CONVERSION = YES;
				CLANG_WARN_NON_LITERAL_NULL_CONVERSION = YES;
				CLANG_WARN_OBJC_LITERAL_CONVERSION = YES;
				CLANG_WARN_OBJC_ROOT_CLASS = YES_ERROR;
				CLANG_WARN_RANGE_LOOP_ANALYSIS = YES;
				CLANG_WARN_STRICT_PROTOTYPES = YES;
				CLANG_WARN_SUSPICIOUS_MOVE = YES;
				CLANG_WARN_UNGUARDED_AVAILABILITY = YES_AGGRESSIVE;
				CLANG_WARN_UNREACHABLE_CODE = YES;
				CLANG_WARN__DUPLICATE_METHOD_MATCH = YES;
				CODE_SIGN_IDENTITY = "iPhone Developer";
				COPY_PHASE_STRIP = NO;
				DEBUG_INFORMATION_FORMAT = "dwarf-with-dsym";
				ENABLE_NS_ASSERTIONS = NO;
				ENABLE_STRICT_OBJC_MSGSEND = YES;
				GCC_C_LANGUAGE_STANDARD = gnu11;
				GCC_NO_COMMON_BLOCKS = YES;
				GCC_WARN_64_TO_32_BIT_CONVERSION = YES;
				GCC_WARN_ABOUT_RETURN_TYPE = YES_ERROR;
				GCC_WARN_UNDECLARED_SELECTOR = YES;
				GCC_WARN_UNINITIALIZED_AUTOS = YES_AGGRESSIVE;
				GCC_WARN_UNUSED_FUNCTION = YES;
				GCC_WARN_UNUSED_VARIABLE = YES;
				IPHONEOS_DEPLOYMENT_TARGET = 11.2;
				MTL_ENABLE_DEBUG_INFO = NO;
				SDKROOT = iphoneos;
				SWIFT_OPTIMIZATION_LEVEL = "-Owholemodule";
				VALIDATE_PRODUCT = YES;
			};
			name = Release;
		};
		B1F0AC1822E999E80019A9CD /* Debug */ = {
			isa = XCBuildConfiguration;
			buildSettings = {
				ASSETCATALOG_COMPILER_APPICON_NAME = AppIcon;
				CODE_SIGN_STYLE = Automatic;
				INFOPLIST_FILE = "1907-studenttotal/Info.plist";
				LD_RUNPATH_SEARCH_PATHS = "$(inherited) @executable_path/Frameworks";
				PRODUCT_BUNDLE_IDENTIFIER = "BRNINFOTECH.-907-studenttotal";
				PRODUCT_NAME = "$(TARGET_NAME)";
				SWIFT_VERSION = 4.0;
				TARGETED_DEVICE_FAMILY = "1,2";
			};
			name = Debug;
		};
		B1F0AC1922E999E80019A9CD /* Release */ = {
			isa = XCBuildConfiguration;
			buildSettings = {
				ASSETCATALOG_COMPILER_APPICON_NAME = AppIcon;
				CODE_SIGN_STYLE = Automatic;
				INFOPLIST_FILE = "1907-studenttotal/Info.plist";
				LD_RUNPATH_SEARCH_PATHS = "$(inherited) @executable_path/Frameworks";
				PRODUCT_BUNDLE_IDENTIFIER = "BRNINFOTECH.-907-studenttotal";
				PRODUCT_NAME = "$(TARGET_NAME)";
				SWIFT_VERSION = 4.0;
				TARGETED_DEVICE_FAMILY = "1,2";
			};
			name = Release;
		};
		B1F0AC1B22E999E80019A9CD /* Debug */ = {
			isa = XCBuildConfiguration;
			buildSettings = {
				ALWAYS_EMBED_SWIFT_STANDARD_LIBRARIES = YES;
				BUNDLE_LOADER = "$(TEST_HOST)";
				CODE_SIGN_STYLE = Automatic;
				INFOPLIST_FILE = "1907-studenttotalTests/Info.plist";
				LD_RUNPATH_SEARCH_PATHS = "$(inherited) @executable_path/Frameworks @loader_path/Frameworks";
				PRODUCT_BUNDLE_IDENTIFIER = "BRNINFOTECH.-907-studenttotalTests";
				PRODUCT_NAME = "$(TARGET_NAME)";
				SWIFT_VERSION = 4.0;
				TARGETED_DEVICE_FAMILY = "1,2";
				TEST_HOST = "$(BUILT_PRODUCTS_DIR)/1907-studenttotal.app/1907-studenttotal";
			};
			name = Debug;
		};
		B1F0AC1C22E999E80019A9CD /* Release */ = {
			isa = XCBuildConfiguration;
			buildSettings = {
				ALWAYS_EMBED_SWIFT_STANDARD_LIBRARIES = YES;
				BUNDLE_LOADER = "$(TEST_HOST)";
				CODE_SIGN_STYLE = Automatic;
				INFOPLIST_FILE = "1907-studenttotalTests/Info.plist";
				LD_RUNPATH_SEARCH_PATHS = "$(inherited) @executable_path/Frameworks @loader_path/Frameworks";
				PRODUCT_BUNDLE_IDENTIFIER = "BRNINFOTECH.-907-studenttotalTests";
				PRODUCT_NAME = "$(TARGET_NAME)";
				SWIFT_VERSION = 4.0;
				TARGETED_DEVICE_FAMILY = "1,2";
				TEST_HOST = "$(BUILT_PRODUCTS_DIR)/1907-studenttotal.app/1907-studenttotal";
			};
			name = Release;
		};
		B1F0AC1E22E999E80019A9CD /* Debug */ = {
			isa = XCBuildConfiguration;
			buildSettings = {
				ALWAYS_EMBED_SWIFT_STANDARD_LIBRARIES = YES;
				CODE_SIGN_STYLE = Automatic;
				INFOPLIST_FILE = "1907-studenttotalUITests/Info.plist";
				LD_RUNPATH_SEARCH_PATHS = "$(inherited) @executable_path/Frameworks @loader_path/Frameworks";
				PRODUCT_BUNDLE_IDENTIFIER = "BRNINFOTECH.-907-studenttotalUITests";
				PRODUCT_NAME = "$(TARGET_NAME)";
				SWIFT_VERSION = 4.0;
				TARGETED_DEVICE_FAMILY = "1,2";
				TEST_TARGET_NAME = "1907-studenttotal";
			};
			name = Debug;
		};
		B1F0AC1F22E999E80019A9CD /* Release */ = {
			isa = XCBuildConfiguration;
			buildSettings = {
				ALWAYS_EMBED_SWIFT_STANDARD_LIBRARIES = YES;
				CODE_SIGN_STYLE = Automatic;
				INFOPLIST_FILE = "1907-studenttotalUITests/Info.plist";
				LD_RUNPATH_SEARCH_PATHS = "$(inherited) @executable_path/Frameworks @loader_path/Frameworks";
				PRODUCT_BUNDLE_IDENTIFIER = "BRNINFOTECH.-907-studenttotalUITests";
				PRODUCT_NAME = "$(TARGET_NAME)";
				SWIFT_VERSION = 4.0;
				TARGETED_DEVICE_FAMILY = "1,2";
				TEST_TARGET_NAME = "1907-studenttotal";
			};
			name = Release;
		};
/* End XCBuildConfiguration section */

/* Begin XCConfigurationList section */
		B1F0ABEA22E999E70019A9CD /* Build configuration list for PBXProject "1907-studenttotal" */ = {
			isa = XCConfigurationList;
			buildConfigurations = (
				B1F0AC1522E999E80019A9CD /* Debug */,
				B1F0AC1622E999E80019A9CD /* Release */,
			);
			defaultConfigurationIsVisible = 0;
			defaultConfigurationName = Release;
		};
		B1F0AC1722E999E80019A9CD /* Build configuration list for PBXNativeTarget "1907-studenttotal" */ = {
			isa = XCConfigurationList;
			buildConfigurations = (
				B1F0AC1822E999E80019A9CD /* Debug */,
				B1F0AC1922E999E80019A9CD /* Release */,
			);
			defaultConfigurationIsVisible = 0;
			defaultConfigurationName = Release;
		};
		B1F0AC1A22E999E80019A9CD /* Build configuration list for PBXNativeTarget "1907-studenttotalTests" */ = {
			isa = XCConfigurationList;
			buildConfigurations = (
				B1F0AC1B22E999E80019A9CD /* Debug */,
				B1F0AC1C22E999E80019A9CD /* Release */,
			);
			defaultConfigurationIsVisible = 0;
			defaultConfigurationName = Release;
		};
		B1F0AC1D22E999E80019A9CD /* Build configuration list for PBXNativeTarget "1907-studenttotalUITests" */ = {
			isa = XCConfigurationList;
			buildConfigurations = (
				B1F0AC1E22E999E80019A9CD /* Debug */,
				B1F0AC1F22E999E80019A9CD /* Release */,
			);
			defaultConfigurationIsVisible = 0;
			defaultConfigurationName = Release;
		};
/* End XCConfigurationList section */
	};
	rootObject = B1F0ABE722E999E70019A9CD /* Project object */;
}
